
Microsoft Visual Studio Solution File, Format Version 12.00
# Visual Studio 15
VisualStudioVersion = 15.0.27703.2035
MinimumVisualStudioVersion = 10.0.40219.1
Project("{FAE04EC0-301F-11D3-BF4B-00C04F79EFBC}") = "CSharpDesignPatterns", "CSharpDesignPatterns\CSharpDesignPatterns.csproj", "{618E1DE5-45CC-4592-9097-9B88E0AE756A}"
EndProject
Global
	GlobalSection(SolutionConfigurationPlatforms) = preSolution
		Debug|Any CPU = Debug|Any CPU
		Release|Any CPU = Release|Any CPU
	EndGlobalSection
	GlobalSection(ProjectConfigurationPlatforms) = postSolution
		{618E1DE5-45CC-4592-9097-9B88E0AE756A}.Debug|Any CPU.ActiveCfg = Debug|Any CPU
		{618E1DE5-45CC-4592-9097-9B88E0AE756A}.Debug|Any CPU.Build.0 = Debug|Any CPU
		{618E1DE5-45CC-4592-9097-9B88E0AE756A}.Release|Any CPU.ActiveCfg = Release|Any CPU
		{618E1DE5-45CC-4592-9097-9B88E0AE756A}.Release|Any CPU.Build.0 = Release|Any CPU
	EndGlobalSection
	GlobalSection(SolutionProperties) = preSolution
		HideSolutionNode = FALSE
	EndGlobalSection
	GlobalSection(ExtensibilityGlobals) = postSolution
		SolutionGuid = {E7B514E5-05E7-44A0-AF60-9B3BB300E5DF}
	EndGlobalSection
EndGlobal
